
Microsoft Visual Studio Solution File, Format Version 11.00
# Visual Studio 2010
Project("{8BC9CEB8-8B4A-11D0-8D11-00A0C91BC942}") = "libBox2D", "external\Box2D\proj.win32\Box2D.vcxproj", "{929480E7-23C0-4DF6-8456-096D71547116}"
EndProject
Project("{8BC9CEB8-8B4A-11D0-8D11-00A0C91BC942}") = "libchipmunk", "external\chipmunk\proj.win32\chipmunk.vcxproj", "{207BC7A9-CCF1-4F2F-A04D-45F72242AE25}"
EndProject
Project("{8BC9CEB8-8B4A-11D0-8D11-00A0C91BC942}") = "libCocosDenshion", "CocosDenshion\proj.win32\CocosDenshion.vcxproj", "{F8EDD7FA-9A51-4E80-BAEB-860825D2EAC6}"
	ProjectSection(ProjectDependencies) = postProject
		{98A51BA8-FC3A-415B-AC8F-8C7BD464E93E} = {98A51BA8-FC3A-415B-AC8F-8C7BD464E93E}
	EndProjectSection
EndProject
Project("{8BC9CEB8-8B4A-11D0-8D11-00A0C91BC942}") = "libcocos2d", "cocos2dx\proj.win32\cocos2d.vcxproj", "{98A51BA8-FC3A-415B-AC8F-8C7BD464E93E}"
EndProject
Project("{8BC9CEB8-8B4A-11D0-8D11-00A0C91BC942}") = "liblua", "scripting\lua\proj.win32\liblua.vcxproj", "{DDC3E27F-004D-4DD4-9DD3-931A013D2159}"
EndProject
Project("{8BC9CEB8-8B4A-11D0-8D11-00A0C91BC942}") = "libExtensions", "extensions\proj.win32\libExtensions.vcxproj", "{21B2C324-891F-48EA-AD1A-5AE13DE12E28}"
EndProject
Project("{8BC9CEB8-8B4A-11D0-8D11-00A0C91BC942}") = "Game", "Game\proj.win32\Game.vcxproj", "{072C746E-FCD2-4F01-99DD-EDA88DFECC0E}"
	ProjectSection(ProjectDependencies) = postProject
		{11ABB916-D2DA-46C7-A242-F4B859B89936} = {11ABB916-D2DA-46C7-A242-F4B859B89936}
		{21B2C324-891F-48EA-AD1A-5AE13DE12E28} = {21B2C324-891F-48EA-AD1A-5AE13DE12E28}
		{B84F7231-16CE-41D8-8C08-7B523FF4225B} = {B84F7231-16CE-41D8-8C08-7B523FF4225B}
		{3E283F37-A4ED-41B7-A3E6-A2D89D131A30} = {3E283F37-A4ED-41B7-A3E6-A2D89D131A30}
		{7B865A41-BDAD-4B06-A954-43E114EC2A83} = {7B865A41-BDAD-4B06-A954-43E114EC2A83}
		{9BC43D5E-4781-4C11-8679-B9D6D4E2AAFA} = {9BC43D5E-4781-4C11-8679-B9D6D4E2AAFA}
		{DDC3E27F-004D-4DD4-9DD3-931A013D2159} = {DDC3E27F-004D-4DD4-9DD3-931A013D2159}
		{0ABD77A3-9815-4B77-8030-3E44817416F3} = {0ABD77A3-9815-4B77-8030-3E44817416F3}
		{98A51BA8-FC3A-415B-AC8F-8C7BD464E93E} = {98A51BA8-FC3A-415B-AC8F-8C7BD464E93E}
		{F8EDD7FA-9A51-4E80-BAEB-860825D2EAC6} = {F8EDD7FA-9A51-4E80-BAEB-860825D2EAC6}
	EndProjectSection
EndProject
Project("{2150E333-8FDC-42A3-9474-1A3956D46DE8}") = "cocos", "cocos", "{1C357875-EEA5-4BE2-9BA7-7F419BD208E7}"
EndProject
Project("{2150E333-8FDC-42A3-9474-1A3956D46DE8}") = "games", "games", "{426FEA95-2EF9-48BE-ACB9-7E6F18263ECB}"
EndProject
Project("{8BC9CEB8-8B4A-11D0-8D11-00A0C91BC942}") = "lib_json", "jsoncpp-src-0.5.0\makefiles\vs71\lib_json.vcxproj", "{B84F7231-16CE-41D8-8C08-7B523FF4225B}"
EndProject
Project("{8BC9CEB8-8B4A-11D0-8D11-00A0C91BC942}") = "flash2cocos2d-x", "Flash2Cocos2d-X\proj.win32\flash2cocos2d-x\flash2cocos2d-x.vcxproj", "{11ABB916-D2DA-46C7-A242-F4B859B89936}"
EndProject
Project("{2150E333-8FDC-42A3-9474-1A3956D46DE8}") = "ref", "ref", "{485C656D-8F04-474A-8800-828A028FB85D}"
EndProject
Project("{8BC9CEB8-8B4A-11D0-8D11-00A0C91BC942}") = "tinyxml", "tinyxml\proj.win32\tinyxml\tinyxml.vcxproj", "{0ABD77A3-9815-4B77-8030-3E44817416F3}"
EndProject
Project("{2150E333-8FDC-42A3-9474-1A3956D46DE8}") = "thirdparty", "thirdparty", "{13C35C07-6532-4FAF-993B-BF5F9FDFC0E0}"
EndProject
Project("{8BC9CEB8-8B4A-11D0-8D11-00A0C91BC942}") = "libprotobuf", "protobuf-2.5.0rc1\vsprojects\libprotobuf.vcxproj", "{3E283F37-A4ED-41B7-A3E6-A2D89D131A30}"
EndProject
Project("{8BC9CEB8-8B4A-11D0-8D11-00A0C91BC942}") = "Utility", "Utility\encryption_aes.vcxproj", "{7585E6F6-0BC7-4AA8-BE41-E3ACD6857878}"
EndProject
Project("{8BC9CEB8-8B4A-11D0-8D11-00A0C91BC942}") = "91lib", "91lib\win32\91lib.vcxproj", "{7B865A41-BDAD-4B06-A954-43E114EC2A83}"
EndProject
Project("{2150E333-8FDC-42A3-9474-1A3956D46DE8}") = "project-cpp", "project-cpp", "{CB5F0CBA-CC68-40B2-B4E5-14E402970839}"
EndProject
Project("{8BC9CEB8-8B4A-11D0-8D11-00A0C91BC942}") = "AssetsManagerTest", "samples\Cpp\AssetsManagerTest\proj.win32\AssetsManagerTest.vcxproj", "{6D37505F-A890-441D-BD3F-A61E2C0469CE}"
EndProject
Project("{8BC9CEB8-8B4A-11D0-8D11-00A0C91BC942}") = "HelloCpp", "samples\Cpp\HelloCpp\proj.win32\HelloCpp.vcxproj", "{E08D20D6-11EE-43D5-958F-C9AAD6359BBC}"
EndProject
Project("{8BC9CEB8-8B4A-11D0-8D11-00A0C91BC942}") = "TestCpp", "samples\Cpp\TestCpp\proj.win32\TestCpp.vcxproj", "{54CB7805-7525-47F2-8D26-B39DB7592070}"
EndProject
Project("{2150E333-8FDC-42A3-9474-1A3956D46DE8}") = "project-js", "project-js", "{34F103C8-81F6-49E8-891E-0516E6AC0ED4}"
EndProject
Project("{8BC9CEB8-8B4A-11D0-8D11-00A0C91BC942}") = "CocosDragonJS", "samples\Javascript\CocosDragonJS\proj.win32\CocosDragonJS.vcxproj", "{68ED0B4E-2BCA-45D2-9648-CEABEBD3B9D7}"
EndProject
Project("{8BC9CEB8-8B4A-11D0-8D11-00A0C91BC942}") = "CrystalCraze", "samples\Javascript\CrystalCraze\proj.win32\CrystalCraze.vcxproj", "{9A17D9A4-4B11-4E32-94F6-895FF4909EC5}"
EndProject
Project("{8BC9CEB8-8B4A-11D0-8D11-00A0C91BC942}") = "MoonWarriors", "samples\Javascript\MoonWarriors\proj.win32\MoonWarriors.vcxproj", "{1DB7C0FC-46FF-4A1B-82E0-C6244EEEC4C2}"
EndProject
Project("{8BC9CEB8-8B4A-11D0-8D11-00A0C91BC942}") = "TestJavascript", "samples\Javascript\TestJavascript\proj.win32\TestJavascript.vcxproj", "{33DCD646-7614-42C4-862E-830397AB4EF9}"
EndProject
Project("{8BC9CEB8-8B4A-11D0-8D11-00A0C91BC942}") = "WatermelonWithMe", "samples\Javascript\WatermelonWithMe\proj.win32\WatermelonWithMe.vcxproj", "{BE092D9E-95AE-4F86-84CE-F4519E4F3F15}"
EndProject
Project("{8BC9CEB8-8B4A-11D0-8D11-00A0C91BC942}") = "libJSBinding", "scripting\javascript\bindings\proj.win32\libJSBinding.vcxproj", "{39379840-825A-45A0-B363-C09FFEF864BD}"
EndProject
Project("{2150E333-8FDC-42A3-9474-1A3956D46DE8}") = "project-lua", "project-lua", "{EEA0E1EE-4F62-43E7-840C-D1359A60AA9C}"
EndProject
Project("{8BC9CEB8-8B4A-11D0-8D11-00A0C91BC942}") = "HelloLua", "samples\Lua\HelloLua\proj.win32\HelloLua.vcxproj", "{88C7CD05-C40B-40EA-982A-ADE21DF443FE}"
EndProject
Project("{8BC9CEB8-8B4A-11D0-8D11-00A0C91BC942}") = "TestLua", "samples\Lua\TestLua\proj.win32\TestLua.win32.vcxproj", "{51A8A445-150F-40BC-B39D-714A7E21E14B}"
EndProject
Project("{8BC9CEB8-8B4A-11D0-8D11-00A0C91BC942}") = "libOS", "libOS\win32\libOS.vcxproj", "{9BC43D5E-4781-4C11-8679-B9D6D4E2AAFA}"
EndProject
Global
	GlobalSection(SolutionConfigurationPlatforms) = preSolution
		Debug|Win32 = Debug|Win32
		dummy|Win32 = dummy|Win32
		Release|Win32 = Release|Win32
	EndGlobalSection
	GlobalSection(ProjectConfigurationPlatforms) = postSolution
		{929480E7-23C0-4DF6-8456-096D71547116}.Debug|Win32.ActiveCfg = Debug|Win32
		{929480E7-23C0-4DF6-8456-096D71547116}.Debug|Win32.Build.0 = Debug|Win32
		{929480E7-23C0-4DF6-8456-096D71547116}.dummy|Win32.ActiveCfg = Debug|Win32
		{929480E7-23C0-4DF6-8456-096D71547116}.dummy|Win32.Build.0 = Debug|Win32
		{929480E7-23C0-4DF6-8456-096D71547116}.Release|Win32.ActiveCfg = Release|Win32
		{929480E7-23C0-4DF6-8456-096D71547116}.Release|Win32.Build.0 = Release|Win32
		{207BC7A9-CCF1-4F2F-A04D-45F72242AE25}.Debug|Win32.ActiveCfg = Debug|Win32
		{207BC7A9-CCF1-4F2F-A04D-45F72242AE25}.Debug|Win32.Build.0 = Debug|Win32
		{207BC7A9-CCF1-4F2F-A04D-45F72242AE25}.dummy|Win32.ActiveCfg = Debug|Win32
		{207BC7A9-CCF1-4F2F-A04D-45F72242AE25}.dummy|Win32.Build.0 = Debug|Win32
		{207BC7A9-CCF1-4F2F-A04D-45F72242AE25}.Release|Win32.ActiveCfg = Release|Win32
		{207BC7A9-CCF1-4F2F-A04D-45F72242AE25}.Release|Win32.Build.0 = Release|Win32
		{F8EDD7FA-9A51-4E80-BAEB-860825D2EAC6}.Debug|Win32.ActiveCfg = Debug|Win32
		{F8EDD7FA-9A51-4E80-BAEB-860825D2EAC6}.Debug|Win32.Build.0 = Debug|Win32
		{F8EDD7FA-9A51-4E80-BAEB-860825D2EAC6}.dummy|Win32.ActiveCfg = Debug|Win32
		{F8EDD7FA-9A51-4E80-BAEB-860825D2EAC6}.dummy|Win32.Build.0 = Debug|Win32
		{F8EDD7FA-9A51-4E80-BAEB-860825D2EAC6}.Release|Win32.ActiveCfg = Release|Win32
		{F8EDD7FA-9A51-4E80-BAEB-860825D2EAC6}.Release|Win32.Build.0 = Release|Win32
		{98A51BA8-FC3A-415B-AC8F-8C7BD464E93E}.Debug|Win32.ActiveCfg = Debug|Win32
		{98A51BA8-FC3A-415B-AC8F-8C7BD464E93E}.Debug|Win32.Build.0 = Debug|Win32
		{98A51BA8-FC3A-415B-AC8F-8C7BD464E93E}.dummy|Win32.ActiveCfg = Debug|Win32
		{98A51BA8-FC3A-415B-AC8F-8C7BD464E93E}.dummy|Win32.Build.0 = Debug|Win32
		{98A51BA8-FC3A-415B-AC8F-8C7BD464E93E}.Release|Win32.ActiveCfg = Release|Win32
		{98A51BA8-FC3A-415B-AC8F-8C7BD464E93E}.Release|Win32.Build.0 = Release|Win32
		{DDC3E27F-004D-4DD4-9DD3-931A013D2159}.Debug|Win32.ActiveCfg = Debug|Win32
		{DDC3E27F-004D-4DD4-9DD3-931A013D2159}.Debug|Win32.Build.0 = Debug|Win32
		{DDC3E27F-004D-4DD4-9DD3-931A013D2159}.dummy|Win32.ActiveCfg = Debug|Win32
		{DDC3E27F-004D-4DD4-9DD3-931A013D2159}.dummy|Win32.Build.0 = Debug|Win32
		{DDC3E27F-004D-4DD4-9DD3-931A013D2159}.Release|Win32.ActiveCfg = Release|Win32
		{DDC3E27F-004D-4DD4-9DD3-931A013D2159}.Release|Win32.Build.0 = Release|Win32
		{21B2C324-891F-48EA-AD1A-5AE13DE12E28}.Debug|Win32.ActiveCfg = Debug|Win32
		{21B2C324-891F-48EA-AD1A-5AE13DE12E28}.Debug|Win32.Build.0 = Debug|Win32
		{21B2C324-891F-48EA-AD1A-5AE13DE12E28}.dummy|Win32.ActiveCfg = Debug|Win32
		{21B2C324-891F-48EA-AD1A-5AE13DE12E28}.dummy|Win32.Build.0 = Debug|Win32
		{21B2C324-891F-48EA-AD1A-5AE13DE12E28}.Release|Win32.ActiveCfg = Release|Win32
		{21B2C324-891F-48EA-AD1A-5AE13DE12E28}.Release|Win32.Build.0 = Release|Win32
		{072C746E-FCD2-4F01-99DD-EDA88DFECC0E}.Debug|Win32.ActiveCfg = Debug|Win32
		{072C746E-FCD2-4F01-99DD-EDA88DFECC0E}.Debug|Win32.Build.0 = Debug|Win32
		{072C746E-FCD2-4F01-99DD-EDA88DFECC0E}.dummy|Win32.ActiveCfg = Debug|Win32
		{072C746E-FCD2-4F01-99DD-EDA88DFECC0E}.dummy|Win32.Build.0 = Debug|Win32
		{072C746E-FCD2-4F01-99DD-EDA88DFECC0E}.Release|Win32.ActiveCfg = Release|Win32
		{072C746E-FCD2-4F01-99DD-EDA88DFECC0E}.Release|Win32.Build.0 = Release|Win32
		{B84F7231-16CE-41D8-8C08-7B523FF4225B}.Debug|Win32.ActiveCfg = Debug|Win32
		{B84F7231-16CE-41D8-8C08-7B523FF4225B}.Debug|Win32.Build.0 = Debug|Win32
		{B84F7231-16CE-41D8-8C08-7B523FF4225B}.dummy|Win32.ActiveCfg = dummy|Win32
		{B84F7231-16CE-41D8-8C08-7B523FF4225B}.dummy|Win32.Build.0 = dummy|Win32
		{B84F7231-16CE-41D8-8C08-7B523FF4225B}.Release|Win32.ActiveCfg = Release|Win32
		{B84F7231-16CE-41D8-8C08-7B523FF4225B}.Release|Win32.Build.0 = Release|Win32
		{11ABB916-D2DA-46C7-A242-F4B859B89936}.Debug|Win32.ActiveCfg = Debug|Win32
		{11ABB916-D2DA-46C7-A242-F4B859B89936}.Debug|Win32.Build.0 = Debug|Win32
		{11ABB916-D2DA-46C7-A242-F4B859B89936}.dummy|Win32.ActiveCfg = Debug|Win32
		{11ABB916-D2DA-46C7-A242-F4B859B89936}.dummy|Win32.Build.0 = Debug|Win32
		{11ABB916-D2DA-46C7-A242-F4B859B89936}.Release|Win32.ActiveCfg = Release|Win32
		{11ABB916-D2DA-46C7-A242-F4B859B89936}.Release|Win32.Build.0 = Release|Win32
		{0ABD77A3-9815-4B77-8030-3E44817416F3}.Debug|Win32.ActiveCfg = Debug|Win32
		{0ABD77A3-9815-4B77-8030-3E44817416F3}.Debug|Win32.Build.0 = Debug|Win32
		{0ABD77A3-9815-4B77-8030-3E44817416F3}.dummy|Win32.ActiveCfg = Debug|Win32
		{0ABD77A3-9815-4B77-8030-3E44817416F3}.dummy|Win32.Build.0 = Debug|Win32
		{0ABD77A3-9815-4B77-8030-3E44817416F3}.Release|Win32.ActiveCfg = Release|Win32
		{0ABD77A3-9815-4B77-8030-3E44817416F3}.Release|Win32.Build.0 = Release|Win32
		{3E283F37-A4ED-41B7-A3E6-A2D89D131A30}.Debug|Win32.ActiveCfg = Debug|Win32
		{3E283F37-A4ED-41B7-A3E6-A2D89D131A30}.Debug|Win32.Build.0 = Debug|Win32
		{3E283F37-A4ED-41B7-A3E6-A2D89D131A30}.dummy|Win32.ActiveCfg = Debug|Win32
		{3E283F37-A4ED-41B7-A3E6-A2D89D131A30}.dummy|Win32.Build.0 = Debug|Win32
		{3E283F37-A4ED-41B7-A3E6-A2D89D131A30}.Release|Win32.ActiveCfg = Release|Win32
		{3E283F37-A4ED-41B7-A3E6-A2D89D131A30}.Release|Win32.Build.0 = Release|Win32
		{7585E6F6-0BC7-4AA8-BE41-E3ACD6857878}.Debug|Win32.ActiveCfg = Debug|Win32
		{7585E6F6-0BC7-4AA8-BE41-E3ACD6857878}.Debug|Win32.Build.0 = Debug|Win32
		{7585E6F6-0BC7-4AA8-BE41-E3ACD6857878}.dummy|Win32.ActiveCfg = Debug|Win32
		{7585E6F6-0BC7-4AA8-BE41-E3ACD6857878}.dummy|Win32.Build.0 = Debug|Win32
		{7585E6F6-0BC7-4AA8-BE41-E3ACD6857878}.Release|Win32.ActiveCfg = Release|Win32
		{7585E6F6-0BC7-4AA8-BE41-E3ACD6857878}.Release|Win32.Build.0 = Release|Win32
		{7B865A41-BDAD-4B06-A954-43E114EC2A83}.Debug|Win32.ActiveCfg = Debug|Win32
		{7B865A41-BDAD-4B06-A954-43E114EC2A83}.Debug|Win32.Build.0 = Debug|Win32
		{7B865A41-BDAD-4B06-A954-43E114EC2A83}.dummy|Win32.ActiveCfg = Debug|Win32
		{7B865A41-BDAD-4B06-A954-43E114EC2A83}.dummy|Win32.Build.0 = Debug|Win32
		{7B865A41-BDAD-4B06-A954-43E114EC2A83}.Release|Win32.ActiveCfg = Release|Win32
		{7B865A41-BDAD-4B06-A954-43E114EC2A83}.Release|Win32.Build.0 = Release|Win32
		{6D37505F-A890-441D-BD3F-A61E2C0469CE}.Debug|Win32.ActiveCfg = Debug|Win32
		{6D37505F-A890-441D-BD3F-A61E2C0469CE}.Debug|Win32.Build.0 = Debug|Win32
		{6D37505F-A890-441D-BD3F-A61E2C0469CE}.dummy|Win32.ActiveCfg = Debug|Win32
		{6D37505F-A890-441D-BD3F-A61E2C0469CE}.dummy|Win32.Build.0 = Debug|Win32
		{6D37505F-A890-441D-BD3F-A61E2C0469CE}.Release|Win32.ActiveCfg = Release|Win32
		{6D37505F-A890-441D-BD3F-A61E2C0469CE}.Release|Win32.Build.0 = Release|Win32
		{E08D20D6-11EE-43D5-958F-C9AAD6359BBC}.Debug|Win32.ActiveCfg = Debug|Win32
		{E08D20D6-11EE-43D5-958F-C9AAD6359BBC}.Debug|Win32.Build.0 = Debug|Win32
		{E08D20D6-11EE-43D5-958F-C9AAD6359BBC}.dummy|Win32.ActiveCfg = Debug|Win32
		{E08D20D6-11EE-43D5-958F-C9AAD6359BBC}.dummy|Win32.Build.0 = Debug|Win32
		{E08D20D6-11EE-43D5-958F-C9AAD6359BBC}.Release|Win32.ActiveCfg = Release|Win32
		{E08D20D6-11EE-43D5-958F-C9AAD6359BBC}.Release|Win32.Build.0 = Release|Win32
		{54CB7805-7525-47F2-8D26-B39DB7592070}.Debug|Win32.ActiveCfg = Debug|Win32
		{54CB7805-7525-47F2-8D26-B39DB7592070}.Debug|Win32.Build.0 = Debug|Win32
		{54CB7805-7525-47F2-8D26-B39DB7592070}.dummy|Win32.ActiveCfg = Debug|Win32
		{54CB7805-7525-47F2-8D26-B39DB7592070}.dummy|Win32.Build.0 = Debug|Win32
		{54CB7805-7525-47F2-8D26-B39DB7592070}.Release|Win32.ActiveCfg = Release|Win32
		{54CB7805-7525-47F2-8D26-B39DB7592070}.Release|Win32.Build.0 = Release|Win32
		{68ED0B4E-2BCA-45D2-9648-CEABEBD3B9D7}.Debug|Win32.ActiveCfg = Debug|Win32
		{68ED0B4E-2BCA-45D2-9648-CEABEBD3B9D7}.Debug|Win32.Build.0 = Debug|Win32
		{68ED0B4E-2BCA-45D2-9648-CEABEBD3B9D7}.dummy|Win32.ActiveCfg = Debug|Win32
		{68ED0B4E-2BCA-45D2-9648-CEABEBD3B9D7}.dummy|Win32.Build.0 = Debug|Win32
		{68ED0B4E-2BCA-45D2-9648-CEABEBD3B9D7}.Release|Win32.ActiveCfg = Release|Win32
		{68ED0B4E-2BCA-45D2-9648-CEABEBD3B9D7}.Release|Win32.Build.0 = Release|Win32
		{9A17D9A4-4B11-4E32-94F6-895FF4909EC5}.Debug|Win32.ActiveCfg = Debug|Win32
		{9A17D9A4-4B11-4E32-94F6-895FF4909EC5}.Debug|Win32.Build.0 = Debug|Win32
		{9A17D9A4-4B11-4E32-94F6-895FF4909EC5}.dummy|Win32.ActiveCfg = Debug|Win32
		{9A17D9A4-4B11-4E32-94F6-895FF4909EC5}.dummy|Win32.Build.0 = Debug|Win32
		{9A17D9A4-4B11-4E32-94F6-895FF4909EC5}.Release|Win32.ActiveCfg = Release|Win32
		{9A17D9A4-4B11-4E32-94F6-895FF4909EC5}.Release|Win32.Build.0 = Release|Win32
		{1DB7C0FC-46FF-4A1B-82E0-C6244EEEC4C2}.Debug|Win32.ActiveCfg = Debug|Win32
		{1DB7C0FC-46FF-4A1B-82E0-C6244EEEC4C2}.Debug|Win32.Build.0 = Debug|Win32
		{1DB7C0FC-46FF-4A1B-82E0-C6244EEEC4C2}.dummy|Win32.ActiveCfg = Debug|Win32
		{1DB7C0FC-46FF-4A1B-82E0-C6244EEEC4C2}.dummy|Win32.Build.0 = Debug|Win32
		{1DB7C0FC-46FF-4A1B-82E0-C6244EEEC4C2}.Release|Win32.ActiveCfg = Release|Win32
		{1DB7C0FC-46FF-4A1B-82E0-C6244EEEC4C2}.Release|Win32.Build.0 = Release|Win32
		{33DCD646-7614-42C4-862E-830397AB4EF9}.Debug|Win32.ActiveCfg = Debug|Win32
		{33DCD646-7614-42C4-862E-830397AB4EF9}.Debug|Win32.Build.0 = Debug|Win32
		{33DCD646-7614-42C4-862E-830397AB4EF9}.dummy|Win32.ActiveCfg = Debug|Win32
		{33DCD646-7614-42C4-862E-830397AB4EF9}.dummy|Win32.Build.0 = Debug|Win32
		{33DCD646-7614-42C4-862E-830397AB4EF9}.Release|Win32.ActiveCfg = Release|Win32
		{33DCD646-7614-42C4-862E-830397AB4EF9}.Release|Win32.Build.0 = Release|Win32
		{BE092D9E-95AE-4F86-84CE-F4519E4F3F15}.Debug|Win32.ActiveCfg = Debug|Win32
		{BE092D9E-95AE-4F86-84CE-F4519E4F3F15}.Debug|Win32.Build.0 = Debug|Win32
		{BE092D9E-95AE-4F86-84CE-F4519E4F3F15}.dummy|Win32.ActiveCfg = Debug|Win32
		{BE092D9E-95AE-4F86-84CE-F4519E4F3F15}.dummy|Win32.Build.0 = Debug|Win32
		{BE092D9E-95AE-4F86-84CE-F4519E4F3F15}.Release|Win32.ActiveCfg = Release|Win32
		{BE092D9E-95AE-4F86-84CE-F4519E4F3F15}.Release|Win32.Build.0 = Release|Win32
		{39379840-825A-45A0-B363-C09FFEF864BD}.Debug|Win32.ActiveCfg = Debug|Win32
		{39379840-825A-45A0-B363-C09FFEF864BD}.Debug|Win32.Build.0 = Debug|Win32
		{39379840-825A-45A0-B363-C09FFEF864BD}.dummy|Win32.ActiveCfg = Debug|Win32
		{39379840-825A-45A0-B363-C09FFEF864BD}.dummy|Win32.Build.0 = Debug|Win32
		{39379840-825A-45A0-B363-C09FFEF864BD}.Release|Win32.ActiveCfg = Release|Win32
		{39379840-825A-45A0-B363-C09FFEF864BD}.Release|Win32.Build.0 = Release|Win32
		{88C7CD05-C40B-40EA-982A-ADE21DF443FE}.Debug|Win32.ActiveCfg = Debug|Win32
		{88C7CD05-C40B-40EA-982A-ADE21DF443FE}.Debug|Win32.Build.0 = Debug|Win32
		{88C7CD05-C40B-40EA-982A-ADE21DF443FE}.dummy|Win32.ActiveCfg = Debug|Win32
		{88C7CD05-C40B-40EA-982A-ADE21DF443FE}.dummy|Win32.Build.0 = Debug|Win32
		{88C7CD05-C40B-40EA-982A-ADE21DF443FE}.Release|Win32.ActiveCfg = Release|Win32
		{88C7CD05-C40B-40EA-982A-ADE21DF443FE}.Release|Win32.Build.0 = Release|Win32
		{51A8A445-150F-40BC-B39D-714A7E21E14B}.Debug|Win32.ActiveCfg = Debug|Win32
		{51A8A445-150F-40BC-B39D-714A7E21E14B}.Debug|Win32.Build.0 = Debug|Win32
		{51A8A445-150F-40BC-B39D-714A7E21E14B}.dummy|Win32.ActiveCfg = Debug|Win32
		{51A8A445-150F-40BC-B39D-714A7E21E14B}.dummy|Win32.Build.0 = Debug|Win32
		{51A8A445-150F-40BC-B39D-714A7E21E14B}.Release|Win32.ActiveCfg = Release|Win32
		{51A8A445-150F-40BC-B39D-714A7E21E14B}.Release|Win32.Build.0 = Release|Win32
		{9BC43D5E-4781-4C11-8679-B9D6D4E2AAFA}.Debug|Win32.ActiveCfg = Debug|Win32
		{9BC43D5E-4781-4C11-8679-B9D6D4E2AAFA}.Debug|Win32.Build.0 = Debug|Win32
		{9BC43D5E-4781-4C11-8679-B9D6D4E2AAFA}.dummy|Win32.ActiveCfg = Debug|Win32
		{9BC43D5E-4781-4C11-8679-B9D6D4E2AAFA}.dummy|Win32.Build.0 = Debug|Win32
		{9BC43D5E-4781-4C11-8679-B9D6D4E2AAFA}.Release|Win32.ActiveCfg = Release|Win32
		{9BC43D5E-4781-4C11-8679-B9D6D4E2AAFA}.Release|Win32.Build.0 = Release|Win32
	EndGlobalSection
	GlobalSection(SolutionProperties) = preSolution
		HideSolutionNode = FALSE
	EndGlobalSection
	GlobalSection(NestedProjects) = preSolution
		{207BC7A9-CCF1-4F2F-A04D-45F72242AE25} = {485C656D-8F04-474A-8800-828A028FB85D}
		{929480E7-23C0-4DF6-8456-096D71547116} = {485C656D-8F04-474A-8800-828A028FB85D}
		{CB5F0CBA-CC68-40B2-B4E5-14E402970839} = {485C656D-8F04-474A-8800-828A028FB85D}
		{34F103C8-81F6-49E8-891E-0516E6AC0ED4} = {485C656D-8F04-474A-8800-828A028FB85D}
		{EEA0E1EE-4F62-43E7-840C-D1359A60AA9C} = {485C656D-8F04-474A-8800-828A028FB85D}
		{98A51BA8-FC3A-415B-AC8F-8C7BD464E93E} = {1C357875-EEA5-4BE2-9BA7-7F419BD208E7}
		{21B2C324-891F-48EA-AD1A-5AE13DE12E28} = {1C357875-EEA5-4BE2-9BA7-7F419BD208E7}
		{F8EDD7FA-9A51-4E80-BAEB-860825D2EAC6} = {1C357875-EEA5-4BE2-9BA7-7F419BD208E7}
		{11ABB916-D2DA-46C7-A242-F4B859B89936} = {1C357875-EEA5-4BE2-9BA7-7F419BD208E7}
		{B84F7231-16CE-41D8-8C08-7B523FF4225B} = {13C35C07-6532-4FAF-993B-BF5F9FDFC0E0}
		{0ABD77A3-9815-4B77-8030-3E44817416F3} = {13C35C07-6532-4FAF-993B-BF5F9FDFC0E0}
		{DDC3E27F-004D-4DD4-9DD3-931A013D2159} = {13C35C07-6532-4FAF-993B-BF5F9FDFC0E0}
		{3E283F37-A4ED-41B7-A3E6-A2D89D131A30} = {13C35C07-6532-4FAF-993B-BF5F9FDFC0E0}
		{7585E6F6-0BC7-4AA8-BE41-E3ACD6857878} = {13C35C07-6532-4FAF-993B-BF5F9FDFC0E0}
		{7B865A41-BDAD-4B06-A954-43E114EC2A83} = {13C35C07-6532-4FAF-993B-BF5F9FDFC0E0}
		{9BC43D5E-4781-4C11-8679-B9D6D4E2AAFA} = {13C35C07-6532-4FAF-993B-BF5F9FDFC0E0}
		{072C746E-FCD2-4F01-99DD-EDA88DFECC0E} = {426FEA95-2EF9-48BE-ACB9-7E6F18263ECB}
		{6D37505F-A890-441D-BD3F-A61E2C0469CE} = {CB5F0CBA-CC68-40B2-B4E5-14E402970839}
		{E08D20D6-11EE-43D5-958F-C9AAD6359BBC} = {CB5F0CBA-CC68-40B2-B4E5-14E402970839}
		{54CB7805-7525-47F2-8D26-B39DB7592070} = {CB5F0CBA-CC68-40B2-B4E5-14E402970839}
		{68ED0B4E-2BCA-45D2-9648-CEABEBD3B9D7} = {34F103C8-81F6-49E8-891E-0516E6AC0ED4}
		{9A17D9A4-4B11-4E32-94F6-895FF4909EC5} = {34F103C8-81F6-49E8-891E-0516E6AC0ED4}
		{1DB7C0FC-46FF-4A1B-82E0-C6244EEEC4C2} = {34F103C8-81F6-49E8-891E-0516E6AC0ED4}
		{33DCD646-7614-42C4-862E-830397AB4EF9} = {34F103C8-81F6-49E8-891E-0516E6AC0ED4}
		{BE092D9E-95AE-4F86-84CE-F4519E4F3F15} = {34F103C8-81F6-49E8-891E-0516E6AC0ED4}
		{39379840-825A-45A0-B363-C09FFEF864BD} = {34F103C8-81F6-49E8-891E-0516E6AC0ED4}
		{88C7CD05-C40B-40EA-982A-ADE21DF443FE} = {EEA0E1EE-4F62-43E7-840C-D1359A60AA9C}
		{51A8A445-150F-40BC-B39D-714A7E21E14B} = {EEA0E1EE-4F62-43E7-840C-D1359A60AA9C}
	EndGlobalSection
	GlobalSection(DPCodeReviewSolutionGUID) = preSolution
		DPCodeReviewSolutionGUID = {00000000-0000-0000-0000-000000000000}
	EndGlobalSection
EndGlobal
